
Microsoft Visual Studio Solution File, Format Version 12.00
# Visual Studio Version 16
VisualStudioVersion = 16.0.30717.126
MinimumVisualStudioVersion = 10.0.40219.1
Project("{9A19103F-16F7-4668-BE54-9A1E7A4F7556}") = "Bot", "Bot\Bot.csproj", "{5E45AEE4-E298-45A1-8ABF-2D0330CE647F}"
EndProject
Project("{9A19103F-16F7-4668-BE54-9A1E7A4F7556}") = "Bot.Test", "Bot.Test\Bot.Test.csproj", "{91F0B429-ED57-41AB-ACCE-FE70B06A3D7E}"
EndProject
Project("{9A19103F-16F7-4668-BE54-9A1E7A4F7556}") = "Suit", "Suit\Suit.csproj", "{684011B0-1FBC-47D6-BFF4-0F81622B5553}"
EndProject
Project("{9A19103F-16F7-4668-BE54-9A1E7A4F7556}") = "Starter", "Starter\Starter.csproj", "{1E262C27-AA4E-4F61-A26E-4C21377535BB}"
EndProject
Project("{9A19103F-16F7-4668-BE54-9A1E7A4F7556}") = "TelegramBot", "TelegramBot\TelegramBot.csproj", "{76B83E5B-672E-4D04-8FEB-A034928850A7}"
EndProject
Project("{2150E333-8FDC-42A3-9474-1A3956D46DE8}") = "Solution Items", "Solution Items", "{EE5287CD-E3D7-46CE-9BC7-A6236921A426}"
	ProjectSection(SolutionItems) = preProject
		Docker.txt = Docker.txt
		Dockerfile = Dockerfile
	EndProjectSection
EndProject
Global
	GlobalSection(SolutionConfigurationPlatforms) = preSolution
		Debug|Any CPU = Debug|Any CPU
		Release|Any CPU = Release|Any CPU
	EndGlobalSection
	GlobalSection(ProjectConfigurationPlatforms) = postSolution
		{5E45AEE4-E298-45A1-8ABF-2D0330CE647F}.Debug|Any CPU.ActiveCfg = Debug|Any CPU
		{5E45AEE4-E298-45A1-8ABF-2D0330CE647F}.Debug|Any CPU.Build.0 = Debug|Any CPU
		{5E45AEE4-E298-45A1-8ABF-2D0330CE647F}.Release|Any CPU.ActiveCfg = Release|Any CPU
		{5E45AEE4-E298-45A1-8ABF-2D0330CE647F}.Release|Any CPU.Build.0 = Release|Any CPU
		{91F0B429-ED57-41AB-ACCE-FE70B06A3D7E}.Debug|Any CPU.ActiveCfg = Debug|Any CPU
		{91F0B429-ED57-41AB-ACCE-FE70B06A3D7E}.Debug|Any CPU.Build.0 = Debug|Any CPU
		{91F0B429-ED57-41AB-ACCE-FE70B06A3D7E}.Release|Any CPU.ActiveCfg = Release|Any CPU
		{91F0B429-ED57-41AB-ACCE-FE70B06A3D7E}.Release|Any CPU.Build.0 = Release|Any CPU
		{684011B0-1FBC-47D6-BFF4-0F81622B5553}.Debug|Any CPU.ActiveCfg = Debug|Any CPU
		{684011B0-1FBC-47D6-BFF4-0F81622B5553}.Debug|Any CPU.Build.0 = Debug|Any CPU
		{684011B0-1FBC-47D6-BFF4-0F81622B5553}.Release|Any CPU.ActiveCfg = Release|Any CPU
		{684011B0-1FBC-47D6-BFF4-0F81622B5553}.Release|Any CPU.Build.0 = Release|Any CPU
		{1E262C27-AA4E-4F61-A26E-4C21377535BB}.Debug|Any CPU.ActiveCfg = Debug|Any CPU
		{1E262C27-AA4E-4F61-A26E-4C21377535BB}.Debug|Any CPU.Build.0 = Debug|Any CPU
		{1E262C27-AA4E-4F61-A26E-4C21377535BB}.Release|Any CPU.ActiveCfg = Release|Any CPU
		{1E262C27-AA4E-4F61-A26E-4C21377535BB}.Release|Any CPU.Build.0 = Release|Any CPU
		{76B83E5B-672E-4D04-8FEB-A034928850A7}.Debug|Any CPU.ActiveCfg = Debug|Any CPU
		{76B83E5B-672E-4D04-8FEB-A034928850A7}.Debug|Any CPU.Build.0 = Debug|Any CPU
		{76B83E5B-672E-4D04-8FEB-A034928850A7}.Release|Any CPU.ActiveCfg = Release|Any CPU
		{76B83E5B-672E-4D04-8FEB-A034928850A7}.Release|Any CPU.Build.0 = Release|Any CPU
	EndGlobalSection
	GlobalSection(SolutionProperties) = preSolution
		HideSolutionNode = FALSE
	EndGlobalSection
	GlobalSection(ExtensibilityGlobals) = postSolution
		SolutionGuid = {F17B3AD7-9D6C-411E-A333-0EB06C96F3BB}
	EndGlobalSection
EndGlobal
